{
  "name": "wd-faqs-parsed",
  "version": "1.0.0",
  "lockfileVersion": 2,
  "requires": true,
  "packages": {
    "": {
      "name": "wd-faqs-parsed",
      "version": "1.0.0",
      "license": "ISC",
      "dependencies": {
        "dotenv": "^16.0.3",
        "public-google-sheets-parser": "^1.2.6"
      }
    },
    "node_modules/dotenv": {
      "version": "16.0.3",
      "resolved": "https://registry.npmjs.org/dotenv/-/dotenv-16.0.3.tgz",
      "integrity": "sha512-7GO6HghkA5fYG9TYnNxi14/7K9f5occMlp3zXAuSxn7CKCxt9xbNWG7yF8hTCSUchlfWSe3uLmlPfigevRItzQ==",
      "engines": {
        "node": ">=12"
      }
    },
    "node_modules/public-google-sheets-parser": {
      "version": "1.2.6",
      "resolved": "https://registry.npmjs.org/public-google-sheets-parser/-/public-google-sheets-parser-1.2.6.tgz",
      "integrity": "sha512-sWtWEGw7735Hfo04zjMGiXF7XI9SNTjBJFQQluIQmPjI3hnB9pSgcUMPGRF+W0IiJSF28x2EksJ/n1Vi/x8jYg=="
    }
  },
  "dependencies": {
    "dotenv": {
      "version": "16.0.3",
      "resolved": "https://registry.npmjs.org/dotenv/-/dotenv-16.0.3.tgz",
      "integrity": "sha512-7GO6HghkA5fYG9TYnNxi14/7K9f5occMlp3zXAuSxn7CKCxt9xbNWG7yF8hTCSUchlfWSe3uLmlPfigevRItzQ=="
    },
    "public-google-sheets-parser": {
      "version": "1.2.6",
      "resolved": "https://registry.npmjs.org/public-google-sheets-parser/-/public-google-sheets-parser-1.2.6.tgz",
      "integrity": "sha512-sWtWEGw7735Hfo04zjMGiXF7XI9SNTjBJFQQluIQmPjI3hnB9pSgcUMPGRF+W0IiJSF28x2EksJ/n1Vi/x8jYg=="
    }
  }
}
